
Microsoft Visual Studio Solution File, Format Version 12.00
# Visual Studio 15
VisualStudioVersion = 15.0.27130.2024
MinimumVisualStudioVersion = 10.0.40219.1
Project("{FAE04EC0-301F-11D3-BF4B-00C04F79EFBC}") = "Server", "Server\Server.csproj", "{2AA72218-4741-4AB2-92AC-A6AAD9E3938F}"
EndProject
Global
	GlobalSection(SolutionConfigurationPlatforms) = preSolution
		Debug|Any CPU = Debug|Any CPU
		Release|Any CPU = Release|Any CPU
	EndGlobalSection
	GlobalSection(ProjectConfigurationPlatforms) = postSolution
		{2AA72218-4741-4AB2-92AC-A6AAD9E3938F}.Debug|Any CPU.ActiveCfg = Debug|Any CPU
		{2AA72218-4741-4AB2-92AC-A6AAD9E3938F}.Debug|Any CPU.Build.0 = Debug|Any CPU
		{2AA72218-4741-4AB2-92AC-A6AAD9E3938F}.Release|Any CPU.ActiveCfg = Release|Any CPU
		{2AA72218-4741-4AB2-92AC-A6AAD9E3938F}.Release|Any CPU.Build.0 = Release|Any CPU
	EndGlobalSection
	GlobalSection(SolutionProperties) = preSolution
		HideSolutionNode = FALSE
	EndGlobalSection
	GlobalSection(ExtensibilityGlobals) = postSolution
		SolutionGuid = {E65C4560-E99C-4B7B-B5EB-961BF65000EC}
	EndGlobalSection
EndGlobal
