
Microsoft Visual Studio Solution File, Format Version 12.00
# Visual Studio 15
VisualStudioVersion = 15.0.27130.2024
MinimumVisualStudioVersion = 10.0.40219.1
Project("{FAE04EC0-301F-11D3-BF4B-00C04F79EFBC}") = "Server", "Server\Server.csproj", "{F871DB54-FF0C-46A7-933E-8B57EB73582D}"
EndProject
Global
	GlobalSection(SolutionConfigurationPlatforms) = preSolution
		Debug|Any CPU = Debug|Any CPU
		Release|Any CPU = Release|Any CPU
	EndGlobalSection
	GlobalSection(ProjectConfigurationPlatforms) = postSolution
		{F871DB54-FF0C-46A7-933E-8B57EB73582D}.Debug|Any CPU.ActiveCfg = Debug|Any CPU
		{F871DB54-FF0C-46A7-933E-8B57EB73582D}.Debug|Any CPU.Build.0 = Debug|Any CPU
		{F871DB54-FF0C-46A7-933E-8B57EB73582D}.Release|Any CPU.ActiveCfg = Release|Any CPU
		{F871DB54-FF0C-46A7-933E-8B57EB73582D}.Release|Any CPU.Build.0 = Release|Any CPU
	EndGlobalSection
	GlobalSection(SolutionProperties) = preSolution
		HideSolutionNode = FALSE
	EndGlobalSection
	GlobalSection(ExtensibilityGlobals) = postSolution
		SolutionGuid = {983D8529-F725-44FA-A451-5567C7A98527}
	EndGlobalSection
EndGlobal
